
Microsoft Visual Studio Solution File, Format Version 12.00
# Visual Studio 15
VisualStudioVersion = 15.0.28307.421
MinimumVisualStudioVersion = 10.0.40219.1
Project("{FAE04EC0-301F-11D3-BF4B-00C04F79EFBC}") = "27vApp", "27vApp\27vApp.csproj", "{64202823-BFFC-48E2-B33A-BE91FC0258A7}"
EndProject
Global
	GlobalSection(SolutionConfigurationPlatforms) = preSolution
		Debug|Any CPU = Debug|Any CPU
		Release|Any CPU = Release|Any CPU
	EndGlobalSection
	GlobalSection(ProjectConfigurationPlatforms) = postSolution
		{64202823-BFFC-48E2-B33A-BE91FC0258A7}.Debug|Any CPU.ActiveCfg = Debug|Any CPU
		{64202823-BFFC-48E2-B33A-BE91FC0258A7}.Debug|Any CPU.Build.0 = Debug|Any CPU
		{64202823-BFFC-48E2-B33A-BE91FC0258A7}.Release|Any CPU.ActiveCfg = Release|Any CPU
		{64202823-BFFC-48E2-B33A-BE91FC0258A7}.Release|Any CPU.Build.0 = Release|Any CPU
	EndGlobalSection
	GlobalSection(SolutionProperties) = preSolution
		HideSolutionNode = FALSE
	EndGlobalSection
	GlobalSection(ExtensibilityGlobals) = postSolution
		SolutionGuid = {5BD9EA7F-A421-4FA0-9696-80D9FDE1C2EE}
	EndGlobalSection
EndGlobal
